
Microsoft Visual Studio Solution File, Format Version 12.00
# Visual Studio Version 16
VisualStudioVersion = 16.0.30011.22
MinimumVisualStudioVersion = 10.0.40219.1
Project("{9A19103F-16F7-4668-BE54-9A1E7A4F7556}") = "Lab 1", "Lab 1\Lab 1.csproj", "{E2AD8094-D504-41A0-946D-28B8A33E2CE1}"
EndProject
Project("{9A19103F-16F7-4668-BE54-9A1E7A4F7556}") = "Test Lab 1", "Test Lab 1\Test Lab 1.csproj", "{63479DA3-8342-426F-ABD4-FF134A2B9B4B}"
EndProject
Project("{2150E333-8FDC-42A3-9474-1A3956D46DE8}") = "Solution Items", "Solution Items", "{76976314-DA78-45EE-944F-C1A9275539A3}"
	ProjectSection(SolutionItems) = preProject
		.travis.yml = .travis.yml
	EndProjectSection
EndProject
Global
	GlobalSection(SolutionConfigurationPlatforms) = preSolution
		Debug|Any CPU = Debug|Any CPU
		Release|Any CPU = Release|Any CPU
	EndGlobalSection
	GlobalSection(ProjectConfigurationPlatforms) = postSolution
		{E2AD8094-D504-41A0-946D-28B8A33E2CE1}.Debug|Any CPU.ActiveCfg = Debug|Any CPU
		{E2AD8094-D504-41A0-946D-28B8A33E2CE1}.Debug|Any CPU.Build.0 = Debug|Any CPU
		{E2AD8094-D504-41A0-946D-28B8A33E2CE1}.Release|Any CPU.ActiveCfg = Release|Any CPU
		{E2AD8094-D504-41A0-946D-28B8A33E2CE1}.Release|Any CPU.Build.0 = Release|Any CPU
		{63479DA3-8342-426F-ABD4-FF134A2B9B4B}.Debug|Any CPU.ActiveCfg = Debug|Any CPU
		{63479DA3-8342-426F-ABD4-FF134A2B9B4B}.Debug|Any CPU.Build.0 = Debug|Any CPU
		{63479DA3-8342-426F-ABD4-FF134A2B9B4B}.Release|Any CPU.ActiveCfg = Release|Any CPU
		{63479DA3-8342-426F-ABD4-FF134A2B9B4B}.Release|Any CPU.Build.0 = Release|Any CPU
	EndGlobalSection
	GlobalSection(SolutionProperties) = preSolution
		HideSolutionNode = FALSE
	EndGlobalSection
	GlobalSection(ExtensibilityGlobals) = postSolution
		SolutionGuid = {DC1CF503-1980-438D-9016-DBA57A25D6D8}
	EndGlobalSection
EndGlobal
